
Microsoft Visual Studio Solution File, Format Version 12.00
# Visual Studio Version 16
VisualStudioVersion = 16.0.32126.315
MinimumVisualStudioVersion = 10.0.40219.1
Project("{FAE04EC0-301F-11D3-BF4B-00C04F79EFBC}") = "StaticKeywordExtention", "StaticKeywordExtention\StaticKeywordExtention.csproj", "{81CAA6FC-5C60-42C3-A034-5C86D6A82608}"
EndProject
Global
	GlobalSection(SolutionConfigurationPlatforms) = preSolution
		Debug|Any CPU = Debug|Any CPU
		Release|Any CPU = Release|Any CPU
	EndGlobalSection
	GlobalSection(ProjectConfigurationPlatforms) = postSolution
		{81CAA6FC-5C60-42C3-A034-5C86D6A82608}.Debug|Any CPU.ActiveCfg = Debug|Any CPU
		{81CAA6FC-5C60-42C3-A034-5C86D6A82608}.Debug|Any CPU.Build.0 = Debug|Any CPU
		{81CAA6FC-5C60-42C3-A034-5C86D6A82608}.Release|Any CPU.ActiveCfg = Release|Any CPU
		{81CAA6FC-5C60-42C3-A034-5C86D6A82608}.Release|Any CPU.Build.0 = Release|Any CPU
	EndGlobalSection
	GlobalSection(SolutionProperties) = preSolution
		HideSolutionNode = FALSE
	EndGlobalSection
	GlobalSection(ExtensibilityGlobals) = postSolution
		SolutionGuid = {3B7867F3-72DB-4FA6-84B9-E3BDE8CC532D}
	EndGlobalSection
EndGlobal
